
Microsoft Visual Studio Solution File, Format Version 12.00
Project("{2150E333-8FDC-42A3-9474-1A3956D46DE8}") = "src", "src", "{05C2839E-9804-4C02-8829-2E825E4D15CA}"
EndProject
Project("{2150E333-8FDC-42A3-9474-1A3956D46DE8}") = "example", "example", "{80DBF0E6-9611-4221-B4D5-7DBB90DB033B}"
EndProject
Project("{FAE04EC0-301F-11D3-BF4B-00C04F79EFBC}") = "SignalRGen.Generator", "src\SignalRGen.Generator\SignalRGen.Generator.csproj", "{0D84BF69-5C50-40A9-BD7C-9507E609637E}"
EndProject
Project("{2150E333-8FDC-42A3-9474-1A3956D46DE8}") = "tests", "tests", "{156E35FD-D926-4394-99BB-23CE485E357A}"
EndProject
Project("{FAE04EC0-301F-11D3-BF4B-00C04F79EFBC}") = "SignalRGen.Generator.Tests", "tests\SignalRGen.Generator.Tests\SignalRGen.Generator.Tests.csproj", "{2BC10C32-6CFE-442B-9A90-B5B3B7B12E40}"
EndProject
Project("{FAE04EC0-301F-11D3-BF4B-00C04F79EFBC}") = "SignalRGen.Example.Client.BlazorServer", "example\SignalRGen.Example.Client.BlazorServer\SignalRGen.Example.Client.BlazorServer.csproj", "{012B6133-5D23-4D12-925C-5F9DD6E532C6}"
EndProject
Project("{FAE04EC0-301F-11D3-BF4B-00C04F79EFBC}") = "SignalRGen.Example.Contracts", "example\SignalRGen.Example.Contracts\SignalRGen.Example.Contracts.csproj", "{F5810CC3-BAA1-4DD4-91BC-CB34AEE5D751}"
EndProject
Project("{FAE04EC0-301F-11D3-BF4B-00C04F79EFBC}") = "SignalRGen.Example.Server.Api", "example\SignalRGen.Example.Server.Api\SignalRGen.Example.Server.Api.csproj", "{EE229EA4-D3FD-40A7-9FCE-4F50747EE401}"
EndProject
Project("{2150E333-8FDC-42A3-9474-1A3956D46DE8}") = "01-files", "01-files", "{DA42828B-9FA9-4497-8826-01F8465D6CE7}"
	ProjectSection(SolutionItems) = preProject
		README.md = README.md
	EndProjectSection
EndProject
Project("{FAE04EC0-301F-11D3-BF4B-00C04F79EFBC}") = "SignalRGen.Abstractions", "src\SignalRGen.Abstractions\SignalRGen.Abstractions.csproj", "{8F936405-A748-4EBC-8894-CD9371D4634B}"
EndProject
Project("{FAE04EC0-301F-11D3-BF4B-00C04F79EFBC}") = "SignalRGen.Analyzers", "src\SignalRGen.Analyzers\SignalRGen.Analyzers.csproj", "{718D3F15-610F-4B78-A5D4-5A3188E50A01}"
EndProject
Project("{FAE04EC0-301F-11D3-BF4B-00C04F79EFBC}") = "SignalRGen.CodeFixes", "src\SignalRGen.CodeFixes\SignalRGen.CodeFixes.csproj", "{129F99E9-90B4-4C8A-B36A-0CCE427C1ED1}"
EndProject
Project("{FAE04EC0-301F-11D3-BF4B-00C04F79EFBC}") = "SignalRGen.Analyzers.Tests", "tests\SignalRGen.Analyzers.Tests\SignalRGen.Analyzers.Tests.csproj", "{53644BF7-0A08-4923-9996-678D621AAFE2}"
EndProject
Project("{FAE04EC0-301F-11D3-BF4B-00C04F79EFBC}") = "SignalRGen.CodeFixes.Tests", "tests\SignalRGen.CodeFixes.Tests\SignalRGen.CodeFixes.Tests.csproj", "{BAD25B70-315B-4CB0-8E49-52097052AE68}"
EndProject
Project("{FAE04EC0-301F-11D3-BF4B-00C04F79EFBC}") = "SignalRGen.Shared", "src\SignalRGen.Shared\SignalRGen.Shared.csproj", "{B85F8F20-B969-4247-9779-9D2F52C9C075}"
EndProject
Project("{FAE04EC0-301F-11D3-BF4B-00C04F79EFBC}") = "SignalRGen", "src\SignalRGen\SignalRGen.csproj", "{5075C86D-DBB7-4BFF-80B9-0BD6221CE322}"
EndProject
Project("{FAE04EC0-301F-11D3-BF4B-00C04F79EFBC}") = "SignalRGen.Example.Client.BlazorServer.Tests", "example\SignalRGen.Example.Client.BlazorServer.Tests\SignalRGen.Example.Client.BlazorServer.Tests.csproj", "{B32302C3-E47C-42A5-91A6-47985A912F01}"
EndProject
Global
	GlobalSection(SolutionConfigurationPlatforms) = preSolution
		Debug|Any CPU = Debug|Any CPU
		Release|Any CPU = Release|Any CPU
	EndGlobalSection
	GlobalSection(NestedProjects) = preSolution
		{0D84BF69-5C50-40A9-BD7C-9507E609637E} = {05C2839E-9804-4C02-8829-2E825E4D15CA}
		{2BC10C32-6CFE-442B-9A90-B5B3B7B12E40} = {156E35FD-D926-4394-99BB-23CE485E357A}
		{012B6133-5D23-4D12-925C-5F9DD6E532C6} = {80DBF0E6-9611-4221-B4D5-7DBB90DB033B}
		{F5810CC3-BAA1-4DD4-91BC-CB34AEE5D751} = {80DBF0E6-9611-4221-B4D5-7DBB90DB033B}
		{EE229EA4-D3FD-40A7-9FCE-4F50747EE401} = {80DBF0E6-9611-4221-B4D5-7DBB90DB033B}
		{8F936405-A748-4EBC-8894-CD9371D4634B} = {05C2839E-9804-4C02-8829-2E825E4D15CA}
		{718D3F15-610F-4B78-A5D4-5A3188E50A01} = {05C2839E-9804-4C02-8829-2E825E4D15CA}
		{129F99E9-90B4-4C8A-B36A-0CCE427C1ED1} = {05C2839E-9804-4C02-8829-2E825E4D15CA}
		{53644BF7-0A08-4923-9996-678D621AAFE2} = {156E35FD-D926-4394-99BB-23CE485E357A}
		{BAD25B70-315B-4CB0-8E49-52097052AE68} = {156E35FD-D926-4394-99BB-23CE485E357A}
		{B85F8F20-B969-4247-9779-9D2F52C9C075} = {05C2839E-9804-4C02-8829-2E825E4D15CA}
		{5075C86D-DBB7-4BFF-80B9-0BD6221CE322} = {05C2839E-9804-4C02-8829-2E825E4D15CA}
		{B32302C3-E47C-42A5-91A6-47985A912F01} = {80DBF0E6-9611-4221-B4D5-7DBB90DB033B}
	EndGlobalSection
	GlobalSection(ProjectConfigurationPlatforms) = postSolution
		{0D84BF69-5C50-40A9-BD7C-9507E609637E}.Debug|Any CPU.ActiveCfg = Debug|Any CPU
		{0D84BF69-5C50-40A9-BD7C-9507E609637E}.Debug|Any CPU.Build.0 = Debug|Any CPU
		{0D84BF69-5C50-40A9-BD7C-9507E609637E}.Release|Any CPU.ActiveCfg = Release|Any CPU
		{0D84BF69-5C50-40A9-BD7C-9507E609637E}.Release|Any CPU.Build.0 = Release|Any CPU
		{2BC10C32-6CFE-442B-9A90-B5B3B7B12E40}.Debug|Any CPU.ActiveCfg = Debug|Any CPU
		{2BC10C32-6CFE-442B-9A90-B5B3B7B12E40}.Debug|Any CPU.Build.0 = Debug|Any CPU
		{2BC10C32-6CFE-442B-9A90-B5B3B7B12E40}.Release|Any CPU.ActiveCfg = Release|Any CPU
		{2BC10C32-6CFE-442B-9A90-B5B3B7B12E40}.Release|Any CPU.Build.0 = Release|Any CPU
		{012B6133-5D23-4D12-925C-5F9DD6E532C6}.Debug|Any CPU.ActiveCfg = Debug|Any CPU
		{012B6133-5D23-4D12-925C-5F9DD6E532C6}.Debug|Any CPU.Build.0 = Debug|Any CPU
		{012B6133-5D23-4D12-925C-5F9DD6E532C6}.Release|Any CPU.ActiveCfg = Release|Any CPU
		{012B6133-5D23-4D12-925C-5F9DD6E532C6}.Release|Any CPU.Build.0 = Release|Any CPU
		{F5810CC3-BAA1-4DD4-91BC-CB34AEE5D751}.Debug|Any CPU.ActiveCfg = Debug|Any CPU
		{F5810CC3-BAA1-4DD4-91BC-CB34AEE5D751}.Debug|Any CPU.Build.0 = Debug|Any CPU
		{F5810CC3-BAA1-4DD4-91BC-CB34AEE5D751}.Release|Any CPU.ActiveCfg = Release|Any CPU
		{F5810CC3-BAA1-4DD4-91BC-CB34AEE5D751}.Release|Any CPU.Build.0 = Release|Any CPU
		{EE229EA4-D3FD-40A7-9FCE-4F50747EE401}.Debug|Any CPU.ActiveCfg = Debug|Any CPU
		{EE229EA4-D3FD-40A7-9FCE-4F50747EE401}.Debug|Any CPU.Build.0 = Debug|Any CPU
		{EE229EA4-D3FD-40A7-9FCE-4F50747EE401}.Release|Any CPU.ActiveCfg = Release|Any CPU
		{EE229EA4-D3FD-40A7-9FCE-4F50747EE401}.Release|Any CPU.Build.0 = Release|Any CPU
		{8F936405-A748-4EBC-8894-CD9371D4634B}.Debug|Any CPU.ActiveCfg = Debug|Any CPU
		{8F936405-A748-4EBC-8894-CD9371D4634B}.Debug|Any CPU.Build.0 = Debug|Any CPU
		{8F936405-A748-4EBC-8894-CD9371D4634B}.Release|Any CPU.ActiveCfg = Release|Any CPU
		{8F936405-A748-4EBC-8894-CD9371D4634B}.Release|Any CPU.Build.0 = Release|Any CPU
		{718D3F15-610F-4B78-A5D4-5A3188E50A01}.Debug|Any CPU.ActiveCfg = Debug|Any CPU
		{718D3F15-610F-4B78-A5D4-5A3188E50A01}.Debug|Any CPU.Build.0 = Debug|Any CPU
		{718D3F15-610F-4B78-A5D4-5A3188E50A01}.Release|Any CPU.ActiveCfg = Release|Any CPU
		{718D3F15-610F-4B78-A5D4-5A3188E50A01}.Release|Any CPU.Build.0 = Release|Any CPU
		{129F99E9-90B4-4C8A-B36A-0CCE427C1ED1}.Debug|Any CPU.ActiveCfg = Debug|Any CPU
		{129F99E9-90B4-4C8A-B36A-0CCE427C1ED1}.Debug|Any CPU.Build.0 = Debug|Any CPU
		{129F99E9-90B4-4C8A-B36A-0CCE427C1ED1}.Release|Any CPU.ActiveCfg = Release|Any CPU
		{129F99E9-90B4-4C8A-B36A-0CCE427C1ED1}.Release|Any CPU.Build.0 = Release|Any CPU
		{53644BF7-0A08-4923-9996-678D621AAFE2}.Debug|Any CPU.ActiveCfg = Debug|Any CPU
		{53644BF7-0A08-4923-9996-678D621AAFE2}.Debug|Any CPU.Build.0 = Debug|Any CPU
		{53644BF7-0A08-4923-9996-678D621AAFE2}.Release|Any CPU.ActiveCfg = Release|Any CPU
		{53644BF7-0A08-4923-9996-678D621AAFE2}.Release|Any CPU.Build.0 = Release|Any CPU
		{BAD25B70-315B-4CB0-8E49-52097052AE68}.Debug|Any CPU.ActiveCfg = Debug|Any CPU
		{BAD25B70-315B-4CB0-8E49-52097052AE68}.Debug|Any CPU.Build.0 = Debug|Any CPU
		{BAD25B70-315B-4CB0-8E49-52097052AE68}.Release|Any CPU.ActiveCfg = Release|Any CPU
		{BAD25B70-315B-4CB0-8E49-52097052AE68}.Release|Any CPU.Build.0 = Release|Any CPU
		{B85F8F20-B969-4247-9779-9D2F52C9C075}.Debug|Any CPU.ActiveCfg = Debug|Any CPU
		{B85F8F20-B969-4247-9779-9D2F52C9C075}.Debug|Any CPU.Build.0 = Debug|Any CPU
		{B85F8F20-B969-4247-9779-9D2F52C9C075}.Release|Any CPU.ActiveCfg = Release|Any CPU
		{B85F8F20-B969-4247-9779-9D2F52C9C075}.Release|Any CPU.Build.0 = Release|Any CPU
		{5075C86D-DBB7-4BFF-80B9-0BD6221CE322}.Debug|Any CPU.ActiveCfg = Debug|Any CPU
		{5075C86D-DBB7-4BFF-80B9-0BD6221CE322}.Debug|Any CPU.Build.0 = Debug|Any CPU
		{5075C86D-DBB7-4BFF-80B9-0BD6221CE322}.Release|Any CPU.ActiveCfg = Release|Any CPU
		{5075C86D-DBB7-4BFF-80B9-0BD6221CE322}.Release|Any CPU.Build.0 = Release|Any CPU
		{B32302C3-E47C-42A5-91A6-47985A912F01}.Debug|Any CPU.ActiveCfg = Debug|Any CPU
		{B32302C3-E47C-42A5-91A6-47985A912F01}.Debug|Any CPU.Build.0 = Debug|Any CPU
		{B32302C3-E47C-42A5-91A6-47985A912F01}.Release|Any CPU.ActiveCfg = Release|Any CPU
		{B32302C3-E47C-42A5-91A6-47985A912F01}.Release|Any CPU.Build.0 = Release|Any CPU
	EndGlobalSection
EndGlobal
